{
  "name": "nodocore",
  "version": "0.0.0",
  "lockfileVersion": 3,
  "requires": true,
  "packages": {
    "": {
      "name": "nodocore",
      "version": "0.0.0",
      "devDependencies": {
        "turbo": "latest"
      },
      "engines": {
        "node": ">=20.0.0",
        "pnpm": ">=10.0.0"
      }
    },
    "node_modules/@turbo/darwin-64": {
      "version": "2.11.3",
      "resolved": "https://registry.npmjs.org/@turbo/darwin-64/-/darwin-64-2.11.3.tgz",
      "integrity": "sha512-D4EIKTgPpxFQL5aZNbNqy57XOiRldM+mwP1ME9ZLM4DJoV3oNK7GKyQWVusz1umjiFNmLvunNGw7Jq4RUyYL3A==",
      "cpu": [
        "x64"
      ],
      "dev": true,
      "license": "MIT",
      "optional": true,
      "os": [
        "darwin"
      ]
    },
    "node_modules/@turbo/darwin-arm64": {
      "version": "2.11.3",
      "resolved": "https://registry.npmjs.org/@turbo/darwin-arm64/-/darwin-arm64-2.11.3.tgz",
      "integrity": "sha512-WOvgWIO86LzBQmL9aRFekROing1CZMVDjmdD7Dk6R65qFAFdrlKkufojenjW1AbUAqytpG6xsXzq8UEScdSdDQ==",
      "cpu": [
        "arm64"
      ],
      "dev": true,
      "license": "MIT",
      "optional": true,
      "os": [
        "darwin"
      ]
    },
    "node_modules/@turbo/linux-64": {
      "version": "2.11.3",
      "resolved": "https://registry.npmjs.org/@turbo/linux-64/-/linux-64-2.11.3.tgz",
      "integrity": "sha512-zIgNl9KkMnsdU54JrnazELatpMJDSktKjD3kjKVliUNMl/5uhFRrqQ+Z1qaACKw/2ybL7xzlsHir9s5q7sYlQg==",
      "cpu": [
        "x64"
      ],
      "dev": true,
      "license": "MIT",
      "optional": true,
      "os": [
        "android",
        "linux"
      ]
    },
    "node_modules/@turbo/linux-arm64": {
      "version": "2.11.3",
      "resolved": "https://registry.npmjs.org/@turbo/linux-arm64/-/linux-arm64-2.11.3.tgz",
      "integrity": "sha512-aJToWHx5JYvpPwIrAt1DuYrHWcpQGjGf0XVPRMKQBHou//JUYR6oowHeUZp9Oq7e3XDWA75E37C2GnNaBqCVnA==",
      "cpu": [
        "arm64"
      ],
      "dev": true,
      "license": "MIT",
      "optional": true,
      "os": [
        "android",
        "linux"
      ]
    },
    "node_modules/@turbo/windows-64": {
      "version": "2.11.3",
      "resolved": "https://registry.npmjs.org/@turbo/windows-64/-/windows-64-2.11.3.tgz",
      "integrity": "sha512-hu5biiwVGdMvHB/vvaoPjtudNBn3TqcsKK2A06ap3O0wnSZwAtTXe92tKTckpecDeVs+IC+4r8s2wXpbdSPWoA==",
      "cpu": [
        "x64"
      ],
      "dev": true,
      "license": "MIT",
      "optional": true,
      "os": [
        "win32"
      ]
    },
    "node_modules/@turbo/windows-arm64": {
      "version": "2.11.3",
      "resolved": "https://registry.npmjs.org/@turbo/windows-arm64/-/windows-arm64-2.11.3.tgz",
      "integrity": "sha512-naDEb/31UmOOJOChi+LebLMKWKa1kId0yig1yTRZzDViDg1lBw1Ptu5iQYCvOfOOrx6swUUucf3zPWuPGWz7Jw==",
      "cpu": [
        "arm64"
      ],
      "dev": true,
      "license": "MIT",
      "optional": true,
      "os": [
        "win32"
      ]
    },
    "node_modules/turbo": {
      "version": "2.11.3",
      "resolved": "https://registry.npmjs.org/turbo/-/turbo-2.11.3.tgz",
      "integrity": "sha512-Pfg2dWNOUPwJYbR+eYAcjoBbo4Kmoc8uQb80hzKrBgNEQtxvwf2ucXG7C28MyLVhV/zJSKvChrR+2CP/BONpoA==",
      "dev": true,
      "license": "MIT",
      "bin": {
        "turbo": "bin/turbo"
      },
      "optionalDependencies": {
        "@turbo/darwin-64": "2.11.3",
        "@turbo/darwin-arm64": "2.11.3",
        "@turbo/linux-64": "2.11.3",
        "@turbo/linux-arm64": "2.11.3",
        "@turbo/windows-64": "2.11.3",
        "@turbo/windows-arm64": "2.11.3"
      }
    }
  }
}
